
Microsoft Visual Studio Solution File, Format Version 12.00
# Visual Studio Version 16
VisualStudioVersion = 16.0.30114.105
MinimumVisualStudioVersion = 10.0.40219.1
Project("{FAE04EC0-301F-11D3-BF4B-00C04F79EFBC}") = "RulesValidatorApi.Service.v1", "RulesValidatorApi.Service.v1\RulesValidatorApi.Service.v1.csproj", "{CFB84D68-C0B0-4A02-A252-6259E997DAFE}"
EndProject
Project("{FAE04EC0-301F-11D3-BF4B-00C04F79EFBC}") = "RulesValidatorApi.Tests.v1", "RulesValidatorApi.Tests.v1\RulesValidatorApi.Tests.v1.csproj", "{83D11A24-02B8-446B-8872-A96865A80696}"
EndProject
Global
	GlobalSection(SolutionConfigurationPlatforms) = preSolution
		Debug|Any CPU = Debug|Any CPU
		Release|Any CPU = Release|Any CPU
	EndGlobalSection
	GlobalSection(SolutionProperties) = preSolution
		HideSolutionNode = FALSE
	EndGlobalSection
	GlobalSection(ProjectConfigurationPlatforms) = postSolution
		{CFB84D68-C0B0-4A02-A252-6259E997DAFE}.Debug|Any CPU.ActiveCfg = Debug|Any CPU
		{CFB84D68-C0B0-4A02-A252-6259E997DAFE}.Debug|Any CPU.Build.0 = Debug|Any CPU
		{CFB84D68-C0B0-4A02-A252-6259E997DAFE}.Release|Any CPU.ActiveCfg = Release|Any CPU
		{CFB84D68-C0B0-4A02-A252-6259E997DAFE}.Release|Any CPU.Build.0 = Release|Any CPU
		{83D11A24-02B8-446B-8872-A96865A80696}.Debug|Any CPU.ActiveCfg = Debug|Any CPU
		{83D11A24-02B8-446B-8872-A96865A80696}.Debug|Any CPU.Build.0 = Debug|Any CPU
		{83D11A24-02B8-446B-8872-A96865A80696}.Release|Any CPU.ActiveCfg = Release|Any CPU
		{83D11A24-02B8-446B-8872-A96865A80696}.Release|Any CPU.Build.0 = Release|Any CPU
	EndGlobalSection
EndGlobal
